
Microsoft Visual Studio Solution File, Format Version 12.00
# Visual Studio Version 17
VisualStudioVersion = 17.11.35312.102
MinimumVisualStudioVersion = 10.0.40219.1
Project("{FAE04EC0-301F-11D3-BF4B-00C04F79EFBC}") = "AttendanceDatabase", "AttendanceDatabase\AttendanceDatabase.csproj", "{04B00A1E-FA5C-481A-97E3-3002ADA81546}"
EndProject
Global
	GlobalSection(SolutionConfigurationPlatforms) = preSolution
		Debug|Any CPU = Debug|Any CPU
		Release|Any CPU = Release|Any CPU
	EndGlobalSection
	GlobalSection(ProjectConfigurationPlatforms) = postSolution
		{04B00A1E-FA5C-481A-97E3-3002ADA81546}.Debug|Any CPU.ActiveCfg = Debug|Any CPU
		{04B00A1E-FA5C-481A-97E3-3002ADA81546}.Debug|Any CPU.Build.0 = Debug|Any CPU
		{04B00A1E-FA5C-481A-97E3-3002ADA81546}.Release|Any CPU.ActiveCfg = Release|Any CPU
		{04B00A1E-FA5C-481A-97E3-3002ADA81546}.Release|Any CPU.Build.0 = Release|Any CPU
	EndGlobalSection
	GlobalSection(SolutionProperties) = preSolution
		HideSolutionNode = FALSE
	EndGlobalSection
	GlobalSection(ExtensibilityGlobals) = postSolution
		SolutionGuid = {87AA770A-3BE0-4900-B8BC-1FB082029C23}
	EndGlobalSection
EndGlobal
